# Generated by pub
# See https://dart.dev/tools/pub/glossary#lockfile
packages:
  built_collection:
    dependency: "direct main"
    description:
      name: built_collection
      sha256: "376e3dd27b51ea877c28d525560790aee2e6fbb5f20e2f85d5081027d94e2100"
      url: "https://pub.dev"
    source: hosted
    version: "5.1.1"
sdks:
  dart: ">=2.16.0 <4.0.0"
